hash: f3bbdf41214962347ab786dfcea6b3504824422cef77c6ef6ec7c71853d40d7b
updated: 2017-06-12T16:50:49.496303899+08:00
imports:
- name: github.com/gedex/inflector
  version: 91797f1712fd58f224781be1080b8613d096187e
- name: github.com/lib/pq
  version: 50761b0867bd1d9d069276790bcd4a3bccf2324a
  subpackages:
  - oid
- name: github.com/serenize/snaker
  version: 8824b61eca66d308fcb2d515287d3d7a28dba8d6
testImports: []
